<?xml version="1.0" encoding="utf-8"?>
<Project ToolsVersion="4.0" xmlns="http://schemas.microsoft.com/developer/msbuild/2003">
  <ItemGroup>
    <Filter Include="source">
      <UniqueIdentifier>{4FC737F1-C7A5-4376-A066-2A32D752A2FF}</UniqueIdentifier>
      <Extensions>cpp;c;cc;cxx;def;odl;idl;hpj;bat;asm;asmx</Extensions>
    </Filter>
    <Filter Include="source\main">
      <UniqueIdentifier>{cf6d239e-c3d0-4d6a-9b98-a438c31595c6}</UniqueIdentifier>
    </Filter>
    <Filter Include="source\master">
      <UniqueIdentifier>{e1d7045b-bda0-41b5-88bb-78f88cded4b3}</UniqueIdentifier>
    </Filter>
    <Filter Include="source\utility">
      <UniqueIdentifier>{77b1c514-b640-41d1-a3cd-562a8fd939f5}</UniqueIdentifier>
    </Filter>
  </ItemGroup>
  <ItemGroup>
    <ClInclude Include="source\stdafx.h">
      <Filter>source</Filter>
    </ClInclude>
    <ClInclude Include="source\utility\FileUtility.hpp">
      <Filter>source\utility</Filter>
    </ClInclude>
    <ClInclude Include="source\utility\StreamReader.hpp">
      <Filter>source\utility</Filter>
    </ClInclude>
    <ClInclude Include="source\master\MasterData.hpp">
      <Filter>source\master</Filter>
    </ClInclude>
  </ItemGroup>
  <ItemGroup>
    <ClCompile Include="source\main\main.cpp">
      <Filter>source\main</Filter>
    </ClCompile>
    <ClCompile Include="source\master\MasterData.cpp">
      <Filter>source\master</Filter>
    </ClCompile>
  </ItemGroup>
</Project>